
Microsoft Visual Studio Solution File, Format Version 11.00
# Visual Studio 2010
Project("{FAE04EC0-301F-11D3-BF4B-00C04F79EFBC}") = "Assembly-CSharp", "Assembly-CSharp.csproj", "{beb7c83e-efc4-3f46-3ce1-dd6b3800c0ff}"
EndProject
Project("{FAE04EC0-301F-11D3-BF4B-00C04F79EFBC}") = "PandaBehaviour", "PandaBehaviour.csproj", "{fdf5688d-8198-b05f-d8a0-727db2586089}"
EndProject
Project("{FAE04EC0-301F-11D3-BF4B-00C04F79EFBC}") = "PandaBehaviourEditor", "PandaBehaviourEditor.csproj", "{d1776fda-de1e-1a3f-3381-f2a17eecf9ed}"
EndProject
Global
	GlobalSection(SolutionConfigurationPlatforms) = preSolution
		Debug|Any CPU = Debug|Any CPU
	EndGlobalSection
	GlobalSection(ProjectConfigurationPlatforms) = postSolution
		{beb7c83e-efc4-3f46-3ce1-dd6b3800c0ff}.Debug|Any CPU.ActiveCfg = Debug|Any CPU
		{beb7c83e-efc4-3f46-3ce1-dd6b3800c0ff}.Debug|Any CPU.Build.0 = Debug|Any CPU
		{fdf5688d-8198-b05f-d8a0-727db2586089}.Debug|Any CPU.ActiveCfg = Debug|Any CPU
		{fdf5688d-8198-b05f-d8a0-727db2586089}.Debug|Any CPU.Build.0 = Debug|Any CPU
		{d1776fda-de1e-1a3f-3381-f2a17eecf9ed}.Debug|Any CPU.ActiveCfg = Debug|Any CPU
		{d1776fda-de1e-1a3f-3381-f2a17eecf9ed}.Debug|Any CPU.Build.0 = Debug|Any CPU
	EndGlobalSection
	GlobalSection(SolutionProperties) = preSolution
		HideSolutionNode = FALSE
	EndGlobalSection
EndGlobal
